
Microsoft Visual Studio Solution File, Format Version 12.00
# Visual Studio Version 17
VisualStudioVersion = 17.3.32825.248
MinimumVisualStudioVersion = 10.0.40219.1
Project("{FAE04EC0-301F-11D3-BF4B-00C04F79EFBC}") = "0909C", "0909C.csproj", "{1DF73FD0-2C2F-47C5-AD07-A458EEC69AA7}"
EndProject
Global
	GlobalSection(SolutionConfigurationPlatforms) = preSolution
		Debug|Any CPU = Debug|Any CPU
		Release|Any CPU = Release|Any CPU
	EndGlobalSection
	GlobalSection(ProjectConfigurationPlatforms) = postSolution
		{1DF73FD0-2C2F-47C5-AD07-A458EEC69AA7}.Debug|Any CPU.ActiveCfg = Debug|Any CPU
		{1DF73FD0-2C2F-47C5-AD07-A458EEC69AA7}.Debug|Any CPU.Build.0 = Debug|Any CPU
		{1DF73FD0-2C2F-47C5-AD07-A458EEC69AA7}.Release|Any CPU.ActiveCfg = Release|Any CPU
		{1DF73FD0-2C2F-47C5-AD07-A458EEC69AA7}.Release|Any CPU.Build.0 = Release|Any CPU
	EndGlobalSection
	GlobalSection(SolutionProperties) = preSolution
		HideSolutionNode = FALSE
	EndGlobalSection
	GlobalSection(ExtensibilityGlobals) = postSolution
		SolutionGuid = {CF5F6A11-E6A7-48C4-9C1F-D4ED63DDCDB4}
	EndGlobalSection
EndGlobal
